
Microsoft Visual Studio Solution File, Format Version 12.00
# Visual Studio Version 16
VisualStudioVersion = 16.0.30011.22
MinimumVisualStudioVersion = 10.0.40219.1
Project("{9A19103F-16F7-4668-BE54-9A1E7A4F7556}") = "Wolfringo.Core", "Wolfringo.Core\Wolfringo.Core.csproj", "{AB84565F-651E-49FD-A78D-FBB8A08BBD23}"
EndProject
Project("{2150E333-8FDC-42A3-9474-1A3956D46DE8}") = "Solution Items", "Solution Items", "{93B12389-3D03-4FF6-9A1A-41C4709683B7}"
	ProjectSection(SolutionItems) = preProject
		.gitignore = .gitignore
		LICENSE = LICENSE
		README.md = README.md
	EndProjectSection
EndProject
Project("{FAE04EC0-301F-11D3-BF4B-00C04F79EFBC}") = "SimplePingBot", "Examples\SimplePingBot\SimplePingBot.csproj", "{6F0C05BE-73E6-44FB-859A-EA3595F6B955}"
EndProject
Project("{2150E333-8FDC-42A3-9474-1A3956D46DE8}") = "Examples", "Examples", "{F765215F-98D7-4199-8124-1FF254A35A21}"
EndProject
Global
	GlobalSection(SolutionConfigurationPlatforms) = preSolution
		Debug|Any CPU = Debug|Any CPU
		Release|Any CPU = Release|Any CPU
	EndGlobalSection
	GlobalSection(ProjectConfigurationPlatforms) = postSolution
		{AB84565F-651E-49FD-A78D-FBB8A08BBD23}.Debug|Any CPU.ActiveCfg = Debug|Any CPU
		{AB84565F-651E-49FD-A78D-FBB8A08BBD23}.Debug|Any CPU.Build.0 = Debug|Any CPU
		{AB84565F-651E-49FD-A78D-FBB8A08BBD23}.Release|Any CPU.ActiveCfg = Release|Any CPU
		{AB84565F-651E-49FD-A78D-FBB8A08BBD23}.Release|Any CPU.Build.0 = Release|Any CPU
		{6F0C05BE-73E6-44FB-859A-EA3595F6B955}.Debug|Any CPU.ActiveCfg = Debug|Any CPU
		{6F0C05BE-73E6-44FB-859A-EA3595F6B955}.Debug|Any CPU.Build.0 = Debug|Any CPU
		{6F0C05BE-73E6-44FB-859A-EA3595F6B955}.Release|Any CPU.ActiveCfg = Release|Any CPU
		{6F0C05BE-73E6-44FB-859A-EA3595F6B955}.Release|Any CPU.Build.0 = Release|Any CPU
	EndGlobalSection
	GlobalSection(SolutionProperties) = preSolution
		HideSolutionNode = FALSE
	EndGlobalSection
	GlobalSection(NestedProjects) = preSolution
		{6F0C05BE-73E6-44FB-859A-EA3595F6B955} = {F765215F-98D7-4199-8124-1FF254A35A21}
	EndGlobalSection
	GlobalSection(ExtensibilityGlobals) = postSolution
		SolutionGuid = {690F2255-0BE4-4BAF-B47A-C17A04AF5A19}
	EndGlobalSection
EndGlobal
