
Microsoft Visual Studio Solution File, Format Version 12.00
# Visual Studio Version 16
VisualStudioVersion = 16.0.30011.22
MinimumVisualStudioVersion = 10.0.40219.1
Project("{9A19103F-16F7-4668-BE54-9A1E7A4F7556}") = "Wolfringo.Core", "Wolfringo.Core\Wolfringo.Core.csproj", "{AB84565F-651E-49FD-A78D-FBB8A08BBD23}"
EndProject
Project("{2150E333-8FDC-42A3-9474-1A3956D46DE8}") = "Solution Items", "Solution Items", "{93B12389-3D03-4FF6-9A1A-41C4709683B7}"
	ProjectSection(SolutionItems) = preProject
		.gitignore = .gitignore
		LICENSE = LICENSE
		README.md = README.md
		Wolfringo\Wolfringo.nuspec = Wolfringo\Wolfringo.nuspec
		wolfringo_logo.png = wolfringo_logo.png
	EndProjectSection
EndProject
Project("{9A19103F-16F7-4668-BE54-9A1E7A4F7556}") = "SimplePingBot", "Examples\SimplePingBot\SimplePingBot.csproj", "{6F0C05BE-73E6-44FB-859A-EA3595F6B955}"
EndProject
Project("{2150E333-8FDC-42A3-9474-1A3956D46DE8}") = "Examples", "Examples", "{F765215F-98D7-4199-8124-1FF254A35A21}"
	ProjectSection(SolutionItems) = preProject
		Examples\README.md = Examples\README.md
	EndProjectSection
EndProject
Project("{9A19103F-16F7-4668-BE54-9A1E7A4F7556}") = "Wolfringo.Utilities", "Wolfringo.Utilities\Wolfringo.Utilities.csproj", "{E1B420D8-2E46-41F1-921D-0AC40F477FEA}"
EndProject
Project("{9A19103F-16F7-4668-BE54-9A1E7A4F7556}") = "Wolfringo.Hosting", "Wolfringo.Hosting\Wolfringo.Hosting.csproj", "{8F157C62-E915-4273-9C2E-E1940265C878}"
EndProject
Project("{9A19103F-16F7-4668-BE54-9A1E7A4F7556}") = "HostedPingBot", "Examples\HostedPingBot\HostedPingBot.csproj", "{DACC777F-F7B9-4609-B5CD-CFF689ECBF4B}"
EndProject
Project("{9A19103F-16F7-4668-BE54-9A1E7A4F7556}") = "Wolfringo.Utilities.Interactive", "Wolfringo.Utilities.Interactive\Wolfringo.Utilities.Interactive.csproj", "{CDFC76B6-B4A6-4698-97B7-D9BDBF760F8D}"
EndProject
Project("{2150E333-8FDC-42A3-9474-1A3956D46DE8}") = "docs", "docs", "{5457BCD4-CBE4-45AE-B2FD-FEDFCE716C46}"
	ProjectSection(SolutionItems) = preProject
		docs\docfx.json = docs\docfx.json
		docs\filter.yml = docs\filter.yml
		docs\index.md = docs\index.md
		docs\_templates\discordfx\styles\main.css = docs\_templates\discordfx\styles\main.css
		docs\robots.txt = docs\robots.txt
		docs\toc.yml = docs\toc.yml
	EndProjectSection
EndProject
Project("{9A19103F-16F7-4668-BE54-9A1E7A4F7556}") = "Wolfringo.Commands", "Wolfringo.Commands\Wolfringo.Commands.csproj", "{C2F757AF-A4CA-4E31-BA2F-A0F0BFB72B36}"
EndProject
Project("{9A19103F-16F7-4668-BE54-9A1E7A4F7556}") = "SimpleCommandsBot", "Examples\SimpleCommandsBot\SimpleCommandsBot.csproj", "{E72145BB-DBFC-4EED-B3BA-E08E4BAA7F67}"
EndProject
Project("{9A19103F-16F7-4668-BE54-9A1E7A4F7556}") = "HostedCommandsBot", "Examples\HostedCommandsBot\HostedCommandsBot.csproj", "{A36A30A7-F451-4BB6-99E2-77D8ED5E63FA}"
EndProject
Project("{2150E333-8FDC-42A3-9474-1A3956D46DE8}") = "guides", "guides", "{50454062-77EE-49E0-A7FC-3CBE1ECCBF39}"
	ProjectSection(SolutionItems) = preProject
		docs\guides\index.md = docs\guides\index.md
		docs\guides\toc.yml = docs\guides\toc.yml
	EndProjectSection
EndProject
Project("{2150E333-8FDC-42A3-9474-1A3956D46DE8}") = "api", "api", "{AC1DBCBA-8B3B-4A37-81D8-811D48EC2200}"
	ProjectSection(SolutionItems) = preProject
		docs\api\.gitignore = docs\api\.gitignore
		docs\api\index.md = docs\api\index.md
	EndProjectSection
EndProject
Project("{2150E333-8FDC-42A3-9474-1A3956D46DE8}") = "faq", "faq", "{99F60E57-3A0B-4BA5-85F7-4FE184EA596C}"
	ProjectSection(SolutionItems) = preProject
		docs\faq\index.md = docs\faq\index.md
		docs\faq\toc.yml = docs\faq\toc.yml
	EndProjectSection
EndProject
Project("{2150E333-8FDC-42A3-9474-1A3956D46DE8}") = "getting-started", "getting-started", "{75FD77F3-3F02-48A2-89D1-4D2749D3DED3}"
	ProjectSection(SolutionItems) = preProject
		docs\guides\getting-started\connecting-bot.md = docs\guides\getting-started\connecting-bot.md
		docs\guides\getting-started\installation.md = docs\guides\getting-started\installation.md
	EndProjectSection
EndProject
Project("{2150E333-8FDC-42A3-9474-1A3956D46DE8}") = "commands", "commands", "{7B152FB9-663F-4F27-8B80-8F6F7DCD56FD}"
	ProjectSection(SolutionItems) = preProject
		docs\guides\commands\commands-requirements.md = docs\guides\commands\commands-requirements.md
		docs\guides\commands\creating-commands.md = docs\guides\commands\creating-commands.md
		docs\guides\commands\dependency-injection.md = docs\guides\commands\dependency-injection.md
		docs\guides\commands\enabling-commands.md = docs\guides\commands\enabling-commands.md
		docs\guides\commands\help-command.md = docs\guides\commands\help-command.md
	EndProjectSection
EndProject
Project("{2150E333-8FDC-42A3-9474-1A3956D46DE8}") = "features", "features", "{2FA0619A-FB72-49AB-AC08-0B2F4904ECF5}"
	ProjectSection(SolutionItems) = preProject
		docs\guides\features\avatars.md = docs\guides\features\avatars.md
		docs\guides\features\caching.md = docs\guides\features\caching.md
		docs\guides\features\errors-handling.md = docs\guides\features\errors-handling.md
		docs\guides\features\interactive.md = docs\guides\features\interactive.md
		docs\guides\features\logging.md = docs\guides\features\logging.md
		docs\guides\features\receiving-profile-updates.md = docs\guides\features\receiving-profile-updates.md
		docs\guides\features\reconnection.md = docs\guides\features\reconnection.md
		docs\guides\features\sender.md = docs\guides\features\sender.md
	EndProjectSection
EndProject
Project("{2150E333-8FDC-42A3-9474-1A3956D46DE8}") = "other-libraries", "other-libraries", "{E548ABF9-E1CA-41DD-BDF5-13DF7526CCC9}"
	ProjectSection(SolutionItems) = preProject
		docs\faq\other-libraries\index.md = docs\faq\other-libraries\index.md
		docs\faq\other-libraries\wolfapi-ts.md = docs\faq\other-libraries\wolfapi-ts.md
		docs\faq\other-libraries\wolfliveapi.md = docs\faq\other-libraries\wolfliveapi.md
		docs\faq\other-libraries\wolfnet.md = docs\faq\other-libraries\wolfnet.md
	EndProjectSection
EndProject
Project("{2150E333-8FDC-42A3-9474-1A3956D46DE8}") = "customizing", "customizing", "{89EE417A-E001-4E15-B14D-0BC8F55F1ADA}"
	ProjectSection(SolutionItems) = preProject
		docs\guides\customizing\introduction.md = docs\guides\customizing\introduction.md
	EndProjectSection
EndProject
Project("{2150E333-8FDC-42A3-9474-1A3956D46DE8}") = "client", "client", "{712A3DDE-4912-4C3F-8083-B75B572060A5}"
	ProjectSection(SolutionItems) = preProject
		docs\guides\customizing\client\client-cache.md = docs\guides\customizing\client\client-cache.md
		docs\guides\customizing\client\messages.md = docs\guides\customizing\client\messages.md
		docs\guides\customizing\client\responses.md = docs\guides\customizing\client\responses.md
	EndProjectSection
EndProject
Project("{2150E333-8FDC-42A3-9474-1A3956D46DE8}") = "commands", "commands", "{C7D6EBF4-BEAF-4562-8149-6C5C4515E866}"
	ProjectSection(SolutionItems) = preProject
		docs\guides\customizing\commands\argument-converters.md = docs\guides\customizing\commands\argument-converters.md
		docs\guides\customizing\commands\arguments-parser.md = docs\guides\customizing\commands\arguments-parser.md
		docs\guides\customizing\commands\command-handler-provider.md = docs\guides\customizing\commands\command-handler-provider.md
		docs\guides\customizing\commands\command-type.md = docs\guides\customizing\commands\command-type.md
		docs\guides\customizing\commands\commands-loader.md = docs\guides\customizing\commands\commands-loader.md
		docs\guides\customizing\commands\parameter-builder.md = docs\guides\customizing\commands\parameter-builder.md
	EndProjectSection
EndProject
Project("{2150E333-8FDC-42A3-9474-1A3956D46DE8}") = "upgrading", "upgrading", "{DA2FE9BB-6409-4F65-B5A6-7D0C4CEB42B9}"
	ProjectSection(SolutionItems) = preProject
		docs\upgrading\1.x-2.x.md = docs\upgrading\1.x-2.x.md
		docs\upgrading\index.md = docs\upgrading\index.md
		docs\upgrading\toc.yml = docs\upgrading\toc.yml
	EndProjectSection
EndProject
Global
	GlobalSection(SolutionConfigurationPlatforms) = preSolution
		Debug|Any CPU = Debug|Any CPU
		Release|Any CPU = Release|Any CPU
	EndGlobalSection
	GlobalSection(ProjectConfigurationPlatforms) = postSolution
		{AB84565F-651E-49FD-A78D-FBB8A08BBD23}.Debug|Any CPU.ActiveCfg = Debug|Any CPU
		{AB84565F-651E-49FD-A78D-FBB8A08BBD23}.Debug|Any CPU.Build.0 = Debug|Any CPU
		{AB84565F-651E-49FD-A78D-FBB8A08BBD23}.Release|Any CPU.ActiveCfg = Release|Any CPU
		{AB84565F-651E-49FD-A78D-FBB8A08BBD23}.Release|Any CPU.Build.0 = Release|Any CPU
		{6F0C05BE-73E6-44FB-859A-EA3595F6B955}.Debug|Any CPU.ActiveCfg = Debug|Any CPU
		{6F0C05BE-73E6-44FB-859A-EA3595F6B955}.Debug|Any CPU.Build.0 = Debug|Any CPU
		{6F0C05BE-73E6-44FB-859A-EA3595F6B955}.Release|Any CPU.ActiveCfg = Release|Any CPU
		{6F0C05BE-73E6-44FB-859A-EA3595F6B955}.Release|Any CPU.Build.0 = Release|Any CPU
		{E1B420D8-2E46-41F1-921D-0AC40F477FEA}.Debug|Any CPU.ActiveCfg = Debug|Any CPU
		{E1B420D8-2E46-41F1-921D-0AC40F477FEA}.Debug|Any CPU.Build.0 = Debug|Any CPU
		{E1B420D8-2E46-41F1-921D-0AC40F477FEA}.Release|Any CPU.ActiveCfg = Release|Any CPU
		{E1B420D8-2E46-41F1-921D-0AC40F477FEA}.Release|Any CPU.Build.0 = Release|Any CPU
		{8F157C62-E915-4273-9C2E-E1940265C878}.Debug|Any CPU.ActiveCfg = Debug|Any CPU
		{8F157C62-E915-4273-9C2E-E1940265C878}.Debug|Any CPU.Build.0 = Debug|Any CPU
		{8F157C62-E915-4273-9C2E-E1940265C878}.Release|Any CPU.ActiveCfg = Release|Any CPU
		{8F157C62-E915-4273-9C2E-E1940265C878}.Release|Any CPU.Build.0 = Release|Any CPU
		{DACC777F-F7B9-4609-B5CD-CFF689ECBF4B}.Debug|Any CPU.ActiveCfg = Debug|Any CPU
		{DACC777F-F7B9-4609-B5CD-CFF689ECBF4B}.Debug|Any CPU.Build.0 = Debug|Any CPU
		{DACC777F-F7B9-4609-B5CD-CFF689ECBF4B}.Release|Any CPU.ActiveCfg = Release|Any CPU
		{DACC777F-F7B9-4609-B5CD-CFF689ECBF4B}.Release|Any CPU.Build.0 = Release|Any CPU
		{CDFC76B6-B4A6-4698-97B7-D9BDBF760F8D}.Debug|Any CPU.ActiveCfg = Debug|Any CPU
		{CDFC76B6-B4A6-4698-97B7-D9BDBF760F8D}.Debug|Any CPU.Build.0 = Debug|Any CPU
		{CDFC76B6-B4A6-4698-97B7-D9BDBF760F8D}.Release|Any CPU.ActiveCfg = Release|Any CPU
		{CDFC76B6-B4A6-4698-97B7-D9BDBF760F8D}.Release|Any CPU.Build.0 = Release|Any CPU
		{C2F757AF-A4CA-4E31-BA2F-A0F0BFB72B36}.Debug|Any CPU.ActiveCfg = Debug|Any CPU
		{C2F757AF-A4CA-4E31-BA2F-A0F0BFB72B36}.Debug|Any CPU.Build.0 = Debug|Any CPU
		{C2F757AF-A4CA-4E31-BA2F-A0F0BFB72B36}.Release|Any CPU.ActiveCfg = Release|Any CPU
		{C2F757AF-A4CA-4E31-BA2F-A0F0BFB72B36}.Release|Any CPU.Build.0 = Release|Any CPU
		{E72145BB-DBFC-4EED-B3BA-E08E4BAA7F67}.Debug|Any CPU.ActiveCfg = Debug|Any CPU
		{E72145BB-DBFC-4EED-B3BA-E08E4BAA7F67}.Debug|Any CPU.Build.0 = Debug|Any CPU
		{E72145BB-DBFC-4EED-B3BA-E08E4BAA7F67}.Release|Any CPU.ActiveCfg = Release|Any CPU
		{E72145BB-DBFC-4EED-B3BA-E08E4BAA7F67}.Release|Any CPU.Build.0 = Release|Any CPU
		{A36A30A7-F451-4BB6-99E2-77D8ED5E63FA}.Debug|Any CPU.ActiveCfg = Debug|Any CPU
		{A36A30A7-F451-4BB6-99E2-77D8ED5E63FA}.Debug|Any CPU.Build.0 = Debug|Any CPU
		{A36A30A7-F451-4BB6-99E2-77D8ED5E63FA}.Release|Any CPU.ActiveCfg = Release|Any CPU
		{A36A30A7-F451-4BB6-99E2-77D8ED5E63FA}.Release|Any CPU.Build.0 = Release|Any CPU
	EndGlobalSection
	GlobalSection(SolutionProperties) = preSolution
		HideSolutionNode = FALSE
	EndGlobalSection
	GlobalSection(NestedProjects) = preSolution
		{6F0C05BE-73E6-44FB-859A-EA3595F6B955} = {F765215F-98D7-4199-8124-1FF254A35A21}
		{DACC777F-F7B9-4609-B5CD-CFF689ECBF4B} = {F765215F-98D7-4199-8124-1FF254A35A21}
		{5457BCD4-CBE4-45AE-B2FD-FEDFCE716C46} = {93B12389-3D03-4FF6-9A1A-41C4709683B7}
		{E72145BB-DBFC-4EED-B3BA-E08E4BAA7F67} = {F765215F-98D7-4199-8124-1FF254A35A21}
		{A36A30A7-F451-4BB6-99E2-77D8ED5E63FA} = {F765215F-98D7-4199-8124-1FF254A35A21}
		{50454062-77EE-49E0-A7FC-3CBE1ECCBF39} = {5457BCD4-CBE4-45AE-B2FD-FEDFCE716C46}
		{AC1DBCBA-8B3B-4A37-81D8-811D48EC2200} = {5457BCD4-CBE4-45AE-B2FD-FEDFCE716C46}
		{99F60E57-3A0B-4BA5-85F7-4FE184EA596C} = {5457BCD4-CBE4-45AE-B2FD-FEDFCE716C46}
		{75FD77F3-3F02-48A2-89D1-4D2749D3DED3} = {50454062-77EE-49E0-A7FC-3CBE1ECCBF39}
		{7B152FB9-663F-4F27-8B80-8F6F7DCD56FD} = {50454062-77EE-49E0-A7FC-3CBE1ECCBF39}
		{2FA0619A-FB72-49AB-AC08-0B2F4904ECF5} = {50454062-77EE-49E0-A7FC-3CBE1ECCBF39}
		{E548ABF9-E1CA-41DD-BDF5-13DF7526CCC9} = {99F60E57-3A0B-4BA5-85F7-4FE184EA596C}
		{89EE417A-E001-4E15-B14D-0BC8F55F1ADA} = {50454062-77EE-49E0-A7FC-3CBE1ECCBF39}
		{712A3DDE-4912-4C3F-8083-B75B572060A5} = {89EE417A-E001-4E15-B14D-0BC8F55F1ADA}
		{C7D6EBF4-BEAF-4562-8149-6C5C4515E866} = {89EE417A-E001-4E15-B14D-0BC8F55F1ADA}
		{DA2FE9BB-6409-4F65-B5A6-7D0C4CEB42B9} = {5457BCD4-CBE4-45AE-B2FD-FEDFCE716C46}
	EndGlobalSection
	GlobalSection(ExtensibilityGlobals) = postSolution
		SolutionGuid = {690F2255-0BE4-4BAF-B47A-C17A04AF5A19}
	EndGlobalSection
EndGlobal
