
Microsoft Visual Studio Solution File, Format Version 12.00
# Visual Studio Version 16
VisualStudioVersion = 16.0.30011.22
MinimumVisualStudioVersion = 10.0.40219.1
Project("{9A19103F-16F7-4668-BE54-9A1E7A4F7556}") = "Wolfringo.Core", "Wolfringo.Core\Wolfringo.Core.csproj", "{AB84565F-651E-49FD-A78D-FBB8A08BBD23}"
EndProject
Project("{2150E333-8FDC-42A3-9474-1A3956D46DE8}") = "Solution Items", "Solution Items", "{93B12389-3D03-4FF6-9A1A-41C4709683B7}"
	ProjectSection(SolutionItems) = preProject
		.gitignore = .gitignore
		LICENSE = LICENSE
		README.md = README.md
		Wolfringo\Wolfringo.nuspec = Wolfringo\Wolfringo.nuspec
	EndProjectSection
EndProject
Project("{9A19103F-16F7-4668-BE54-9A1E7A4F7556}") = "SimplePingBot", "Examples\SimplePingBot\SimplePingBot.csproj", "{6F0C05BE-73E6-44FB-859A-EA3595F6B955}"
EndProject
Project("{2150E333-8FDC-42A3-9474-1A3956D46DE8}") = "Examples", "Examples", "{F765215F-98D7-4199-8124-1FF254A35A21}"
EndProject
Project("{9A19103F-16F7-4668-BE54-9A1E7A4F7556}") = "Wolfringo.Utilities", "Wolfringo.Utilities\Wolfringo.Utilities.csproj", "{E1B420D8-2E46-41F1-921D-0AC40F477FEA}"
EndProject
Project("{9A19103F-16F7-4668-BE54-9A1E7A4F7556}") = "Wolfringo.Hosting", "Wolfringo.Hosting\Wolfringo.Hosting.csproj", "{8F157C62-E915-4273-9C2E-E1940265C878}"
EndProject
Project("{9A19103F-16F7-4668-BE54-9A1E7A4F7556}") = "HostedPingBot", "Examples\HostedPingBot\HostedPingBot.csproj", "{DACC777F-F7B9-4609-B5CD-CFF689ECBF4B}"
EndProject
Project("{FAE04EC0-301F-11D3-BF4B-00C04F79EFBC}") = "Wolfringo.Utilities.Interactive", "Wolfringo.Utilities.Interactive\Wolfringo.Utilities.Interactive.csproj", "{CDFC76B6-B4A6-4698-97B7-D9BDBF760F8D}"
EndProject
Global
	GlobalSection(SolutionConfigurationPlatforms) = preSolution
		Debug|Any CPU = Debug|Any CPU
		Release|Any CPU = Release|Any CPU
	EndGlobalSection
	GlobalSection(ProjectConfigurationPlatforms) = postSolution
		{AB84565F-651E-49FD-A78D-FBB8A08BBD23}.Debug|Any CPU.ActiveCfg = Debug|Any CPU
		{AB84565F-651E-49FD-A78D-FBB8A08BBD23}.Debug|Any CPU.Build.0 = Debug|Any CPU
		{AB84565F-651E-49FD-A78D-FBB8A08BBD23}.Release|Any CPU.ActiveCfg = Release|Any CPU
		{AB84565F-651E-49FD-A78D-FBB8A08BBD23}.Release|Any CPU.Build.0 = Release|Any CPU
		{6F0C05BE-73E6-44FB-859A-EA3595F6B955}.Debug|Any CPU.ActiveCfg = Debug|Any CPU
		{6F0C05BE-73E6-44FB-859A-EA3595F6B955}.Debug|Any CPU.Build.0 = Debug|Any CPU
		{6F0C05BE-73E6-44FB-859A-EA3595F6B955}.Release|Any CPU.ActiveCfg = Release|Any CPU
		{6F0C05BE-73E6-44FB-859A-EA3595F6B955}.Release|Any CPU.Build.0 = Release|Any CPU
		{E1B420D8-2E46-41F1-921D-0AC40F477FEA}.Debug|Any CPU.ActiveCfg = Debug|Any CPU
		{E1B420D8-2E46-41F1-921D-0AC40F477FEA}.Debug|Any CPU.Build.0 = Debug|Any CPU
		{E1B420D8-2E46-41F1-921D-0AC40F477FEA}.Release|Any CPU.ActiveCfg = Release|Any CPU
		{E1B420D8-2E46-41F1-921D-0AC40F477FEA}.Release|Any CPU.Build.0 = Release|Any CPU
		{8F157C62-E915-4273-9C2E-E1940265C878}.Debug|Any CPU.ActiveCfg = Debug|Any CPU
		{8F157C62-E915-4273-9C2E-E1940265C878}.Debug|Any CPU.Build.0 = Debug|Any CPU
		{8F157C62-E915-4273-9C2E-E1940265C878}.Release|Any CPU.ActiveCfg = Release|Any CPU
		{8F157C62-E915-4273-9C2E-E1940265C878}.Release|Any CPU.Build.0 = Release|Any CPU
		{DACC777F-F7B9-4609-B5CD-CFF689ECBF4B}.Debug|Any CPU.ActiveCfg = Debug|Any CPU
		{DACC777F-F7B9-4609-B5CD-CFF689ECBF4B}.Debug|Any CPU.Build.0 = Debug|Any CPU
		{DACC777F-F7B9-4609-B5CD-CFF689ECBF4B}.Release|Any CPU.ActiveCfg = Release|Any CPU
		{DACC777F-F7B9-4609-B5CD-CFF689ECBF4B}.Release|Any CPU.Build.0 = Release|Any CPU
		{CDFC76B6-B4A6-4698-97B7-D9BDBF760F8D}.Debug|Any CPU.ActiveCfg = Debug|Any CPU
		{CDFC76B6-B4A6-4698-97B7-D9BDBF760F8D}.Debug|Any CPU.Build.0 = Debug|Any CPU
		{CDFC76B6-B4A6-4698-97B7-D9BDBF760F8D}.Release|Any CPU.ActiveCfg = Release|Any CPU
		{CDFC76B6-B4A6-4698-97B7-D9BDBF760F8D}.Release|Any CPU.Build.0 = Release|Any CPU
	EndGlobalSection
	GlobalSection(SolutionProperties) = preSolution
		HideSolutionNode = FALSE
	EndGlobalSection
	GlobalSection(NestedProjects) = preSolution
		{6F0C05BE-73E6-44FB-859A-EA3595F6B955} = {F765215F-98D7-4199-8124-1FF254A35A21}
		{DACC777F-F7B9-4609-B5CD-CFF689ECBF4B} = {F765215F-98D7-4199-8124-1FF254A35A21}
	EndGlobalSection
	GlobalSection(ExtensibilityGlobals) = postSolution
		SolutionGuid = {690F2255-0BE4-4BAF-B47A-C17A04AF5A19}
	EndGlobalSection
EndGlobal
